// !$*UTF8*$!
{
	archiveVersion = 1;
	classes = {
	};
	objectVersion = 56;
	objects = {

/* Begin PBXBuildFile section */
		1A16A8FB2092C31D13294A9C /* Pods_NestedJSONParsing_WithTableView_Cart.framework in Frameworks */ = {isa = PBXBuildFile; fileRef = 6C9478386CF4878C0012F1A3 /* Pods_NestedJSONParsing_WithTableView_Cart.framework */; };
		E2124D0A2DAE4AD800A221CA /* AppDelegate.swift in Sources */ = {isa = PBXBuildFile; fileRef = E2124D092DAE4AD800A221CA /* AppDelegate.swift */; };
		E2124D0C2DAE4AD800A221CA /* SceneDelegate.swift in Sources */ = {isa = PBXBuildFile; fileRef = E2124D0B2DAE4AD800A221CA /* SceneDelegate.swift */; };
		E2124D0E2DAE4AD800A221CA /* ViewController.swift in Sources */ = {isa = PBXBuildFile; fileRef = E2124D0D2DAE4AD800A221CA /* ViewController.swift */; };
		E2124D112DAE4AD800A221CA /* Main.storyboard in Resources */ = {isa = PBXBuildFile; fileRef = E2124D0F2DAE4AD800A221CA /* Main.storyboard */; };
		E2124D132DAE4ADA00A221CA /* Assets.xcassets in Resources */ = {isa = PBXBuildFile; fileRef = E2124D122DAE4ADA00A221CA /* Assets.xcassets */; };
		E2124D162DAE4ADA00A221CA /* LaunchScreen.storyboard in Resources */ = {isa = PBXBuildFile; fileRef = E2124D142DAE4ADA00A221CA /* LaunchScreen.storyboard */; };
		E2124D1E2DAE4AEB00A221CA /* Constants.swift in Sources */ = {isa = PBXBuildFile; fileRef = E2124D1D2DAE4AEB00A221CA /* Constants.swift */; };
		E2124D202DAE4B2600A221CA /* APIResponse.swift in Sources */ = {isa = PBXBuildFile; fileRef = E2124D1F2DAE4B2600A221CA /* APIResponse.swift */; };
		E2124D222DAE4B4600A221CA /* Carts.swift in Sources */ = {isa = PBXBuildFile; fileRef = E2124D212DAE4B4600A221CA /* Carts.swift */; };
		E2124D242DAE4B6600A221CA /* Products.swift in Sources */ = {isa = PBXBuildFile; fileRef = E2124D232DAE4B6600A221CA /* Products.swift */; };
		E2124D272DAE50FC00A221CA /* CartsTableViewCell.swift in Sources */ = {isa = PBXBuildFile; fileRef = E2124D252DAE50FC00A221CA /* CartsTableViewCell.swift */; };
		E2124D282DAE50FC00A221CA /* CartsTableViewCell.xib in Resources */ = {isa = PBXBuildFile; fileRef = E2124D262DAE50FC00A221CA /* CartsTableViewCell.xib */; };
		E2AA2F222DAF833B00E61AB1 /* ProductCollectionViewCell.swift in Sources */ = {isa = PBXBuildFile; fileRef = E2AA2F202DAF833B00E61AB1 /* ProductCollectionViewCell.swift */; };
		E2AA2F232DAF833B00E61AB1 /* ProductCollectionViewCell.xib in Resources */ = {isa = PBXBuildFile; fileRef = E2AA2F212DAF833B00E61AB1 /* ProductCollectionViewCell.xib */; };
/* End PBXBuildFile section */

/* Begin PBXFileReference section */
		1185CDA0250A89874E03DFF2 /* Pods-NestedJSONParsing_WithTableView_Cart.debug.xcconfig */ = {isa = PBXFileReference; includeInIndex = 1; lastKnownFileType = text.xcconfig; name = "Pods-NestedJSONParsing_WithTableView_Cart.debug.xcconfig"; path = "Target Support Files/Pods-NestedJSONParsing_WithTableView_Cart/Pods-NestedJSONParsing_WithTableView_Cart.debug.xcconfig"; sourceTree = "<group>"; };
		6C9478386CF4878C0012F1A3 /* Pods_NestedJSONParsing_WithTableView_Cart.framework */ = {isa = PBXFileReference; explicitFileType = wrapper.framework; includeInIndex = 0; path = Pods_NestedJSONParsing_WithTableView_Cart.framework; sourceTree = BUILT_PRODUCTS_DIR; };
		E2124D062DAE4AD800A221CA /* NestedJSONParsing_WithTableView_Cart.app */ = {isa = PBXFileReference; explicitFileType = wrapper.application; includeInIndex = 0; path = NestedJSONParsing_WithTableView_Cart.app; sourceTree = BUILT_PRODUCTS_DIR; };
		E2124D092DAE4AD800A221CA /* AppDelegate.swift */ = {isa = PBXFileReference; lastKnownFileType = sourcecode.swift; path = AppDelegate.swift; sourceTree = "<group>"; };
		E2124D0B2DAE4AD800A221CA /* SceneDelegate.swift */ = {isa = PBXFileReference; lastKnownFileType = sourcecode.swift; path = SceneDelegate.swift; sourceTree = "<group>"; };
		E2124D0D2DAE4AD800A221CA /* ViewController.swift */ = {isa = PBXFileReference; lastKnownFileType = sourcecode.swift; path = ViewController.swift; sourceTree = "<group>"; };
		E2124D102DAE4AD800A221CA /* Base */ = {isa = PBXFileReference; lastKnownFileType = file.storyboard; name = Base; path = Base.lproj/Main.storyboard; sourceTree = "<group>"; };
		E2124D122DAE4ADA00A221CA /* Assets.xcassets */ = {isa = PBXFileReference; lastKnownFileType = folder.assetcatalog; path = Assets.xcassets; sourceTree = "<group>"; };
		E2124D152DAE4ADA00A221CA /* Base */ = {isa = PBXFileReference; lastKnownFileType = file.storyboard; name = Base; path = Base.lproj/LaunchScreen.storyboard; sourceTree = "<group>"; };
		E2124D172DAE4ADA00A221CA /* Info.plist */ = {isa = PBXFileReference; lastKnownFileType = text.plist.xml; path = Info.plist; sourceTree = "<group>"; };
		E2124D1D2DAE4AEB00A221CA /* Constants.swift */ = {isa = PBXFileReference; lastKnownFileType = sourcecode.swift; path = Constants.swift; sourceTree = "<group>"; };
		E2124D1F2DAE4B2600A221CA /* APIResponse.swift */ = {isa = PBXFileReference; lastKnownFileType = sourcecode.swift; path = APIResponse.swift; sourceTree = "<group>"; };
		E2124D212DAE4B4600A221CA /* Carts.swift */ = {isa = PBXFileReference; lastKnownFileType = sourcecode.swift; path = Carts.swift; sourceTree = "<group>"; };
		E2124D232DAE4B6600A221CA /* Products.swift */ = {isa = PBXFileReference; lastKnownFileType = sourcecode.swift; path = Products.swift; sourceTree = "<group>"; };
		E2124D252DAE50FC00A221CA /* CartsTableViewCell.swift */ = {isa = PBXFileReference; lastKnownFileType = sourcecode.swift; path = CartsTableViewCell.swift; sourceTree = "<group>"; };
		E2124D262DAE50FC00A221CA /* CartsTableViewCell.xib */ = {isa = PBXFileReference; lastKnownFileType = file.xib; path = CartsTableViewCell.xib; sourceTree = "<group>"; };
		E2AA2F202DAF833B00E61AB1 /* ProductCollectionViewCell.swift */ = {isa = PBXFileReference; lastKnownFileType = sourcecode.swift; path = ProductCollectionViewCell.swift; sourceTree = "<group>"; };
		E2AA2F212DAF833B00E61AB1 /* ProductCollectionViewCell.xib */ = {isa = PBXFileReference; lastKnownFileType = file.xib; path = ProductCollectionViewCell.xib; sourceTree = "<group>"; };
		EBE78DBF5F96FE7A289D3DB8 /* Pods-NestedJSONParsing_WithTableView_Cart.release.xcconfig */ = {isa = PBXFileReference; includeInIndex = 1; lastKnownFileType = text.xcconfig; name = "Pods-NestedJSONParsing_WithTableView_Cart.release.xcconfig"; path = "Target Support Files/Pods-NestedJSONParsing_WithTableView_Cart/Pods-NestedJSONParsing_WithTableView_Cart.release.xcconfig"; sourceTree = "<group>"; };
/* End PBXFileReference section */

/* Begin PBXFrameworksBuildPhase section */
		E2124D032DAE4AD800A221CA /* Frameworks */ = {
			isa = PBXFrameworksBuildPhase;
			buildActionMask = 2147483647;
			files = (
				1A16A8FB2092C31D13294A9C /* Pods_NestedJSONParsing_WithTableView_Cart.framework in Frameworks */,
			);
			runOnlyForDeploymentPostprocessing = 0;
		};
/* End PBXFrameworksBuildPhase section */

/* Begin PBXGroup section */
		C67AAC40B32060517458DC1B /* Frameworks */ = {
			isa = PBXGroup;
			children = (
				6C9478386CF4878C0012F1A3 /* Pods_NestedJSONParsing_WithTableView_Cart.framework */,
			);
			name = Frameworks;
			sourceTree = "<group>";
		};
		E2124CFD2DAE4AD800A221CA = {
			isa = PBXGroup;
			children = (
				E2124D082DAE4AD800A221CA /* NestedJSONParsing_WithTableView_Cart */,
				E2124D072DAE4AD800A221CA /* Products */,
				E5825FA181BC36C303A185A4 /* Pods */,
				C67AAC40B32060517458DC1B /* Frameworks */,
			);
			sourceTree = "<group>";
		};
		E2124D072DAE4AD800A221CA /* Products */ = {
			isa = PBXGroup;
			children = (
				E2124D062DAE4AD800A221CA /* NestedJSONParsing_WithTableView_Cart.app */,
			);
			name = Products;
			sourceTree = "<group>";
		};
		E2124D082DAE4AD800A221CA /* NestedJSONParsing_WithTableView_Cart */ = {
			isa = PBXGroup;
			children = (
				E2124D092DAE4AD800A221CA /* AppDelegate.swift */,
				E2124D0B2DAE4AD800A221CA /* SceneDelegate.swift */,
				E2124D0D2DAE4AD800A221CA /* ViewController.swift */,
				E2124D0F2DAE4AD800A221CA /* Main.storyboard */,
				E2124D1D2DAE4AEB00A221CA /* Constants.swift */,
				E2124D1F2DAE4B2600A221CA /* APIResponse.swift */,
				E2124D212DAE4B4600A221CA /* Carts.swift */,
				E2124D232DAE4B6600A221CA /* Products.swift */,
				E2124D252DAE50FC00A221CA /* CartsTableViewCell.swift */,
				E2124D262DAE50FC00A221CA /* CartsTableViewCell.xib */,
				E2AA2F202DAF833B00E61AB1 /* ProductCollectionViewCell.swift */,
				E2AA2F212DAF833B00E61AB1 /* ProductCollectionViewCell.xib */,
				E2124D122DAE4ADA00A221CA /* Assets.xcassets */,
				E2124D142DAE4ADA00A221CA /* LaunchScreen.storyboard */,
				E2124D172DAE4ADA00A221CA /* Info.plist */,
			);
			path = NestedJSONParsing_WithTableView_Cart;
			sourceTree = "<group>";
		};
		E5825FA181BC36C303A185A4 /* Pods */ = {
			isa = PBXGroup;
			children = (
				1185CDA0250A89874E03DFF2 /* Pods-NestedJSONParsing_WithTableView_Cart.debug.xcconfig */,
				EBE78DBF5F96FE7A289D3DB8 /* Pods-NestedJSONParsing_WithTableView_Cart.release.xcconfig */,
			);
			path = Pods;
			sourceTree = "<group>";
		};
/* End PBXGroup section */

/* Begin PBXNativeTarget section */
		E2124D052DAE4AD800A221CA /* NestedJSONParsing_WithTableView_Cart */ = {
			isa = PBXNativeTarget;
			buildConfigurationList = E2124D1A2DAE4ADA00A221CA /* Build configuration list for PBXNativeTarget "NestedJSONParsing_WithTableView_Cart" */;
			buildPhases = (
				957AFCAF4474C08B980776EB /* [CP] Check Pods Manifest.lock */,
				E2124D022DAE4AD800A221CA /* Sources */,
				E2124D032DAE4AD800A221CA /* Frameworks */,
				E2124D042DAE4AD800A221CA /* Resources */,
				11BD1FEA19564FB36899984D /* [CP] Embed Pods Frameworks */,
			);
			buildRules = (
			);
			dependencies = (
			);
			name = NestedJSONParsing_WithTableView_Cart;
			productName = NestedJSONParsing_WithTableView_Cart;
			productReference = E2124D062DAE4AD800A221CA /* NestedJSONParsing_WithTableView_Cart.app */;
			productType = "com.apple.product-type.application";
		};
/* End PBXNativeTarget section */

/* Begin PBXProject section */
		E2124CFE2DAE4AD800A221CA /* Project object */ = {
			isa = PBXProject;
			attributes = {
				BuildIndependentTargetsInParallel = 1;
				LastSwiftUpdateCheck = 1520;
				LastUpgradeCheck = 1520;
				TargetAttributes = {
					E2124D052DAE4AD800A221CA = {
						CreatedOnToolsVersion = 15.2;
					};
				};
			};
			buildConfigurationList = E2124D012DAE4AD800A221CA /* Build configuration list for PBXProject "NestedJSONParsing_WithTableView_Cart" */;
			compatibilityVersion = "Xcode 14.0";
			developmentRegion = en;
			hasScannedForEncodings = 0;
			knownRegions = (
				en,
				Base,
			);
			mainGroup = E2124CFD2DAE4AD800A221CA;
			productRefGroup = E2124D072DAE4AD800A221CA /* Products */;
			projectDirPath = "";
			projectRoot = "";
			targets = (
				E2124D052DAE4AD800A221CA /* NestedJSONParsing_WithTableView_Cart */,
			);
		};
/* End PBXProject section */

/* Begin PBXResourcesBuildPhase section */
		E2124D042DAE4AD800A221CA /* Resources */ = {
			isa = PBXResourcesBuildPhase;
			buildActionMask = 2147483647;
			files = (
				E2124D162DAE4ADA00A221CA /* LaunchScreen.storyboard in Resources */,
				E2124D132DAE4ADA00A221CA /* Assets.xcassets in Resources */,
				E2AA2F232DAF833B00E61AB1 /* ProductCollectionViewCell.xib in Resources */,
				E2124D112DAE4AD800A221CA /* Main.storyboard in Resources */,
				E2124D282DAE50FC00A221CA /* CartsTableViewCell.xib in Resources */,
			);
			runOnlyForDeploymentPostprocessing = 0;
		};
/* End PBXResourcesBuildPhase section */

/* Begin PBXShellScriptBuildPhase section */
		11BD1FEA19564FB36899984D /* [CP] Embed Pods Frameworks */ = {
			isa = PBXShellScriptBuildPhase;
			buildActionMask = 2147483647;
			files = (
			);
			inputFileListPaths = (
				"${PODS_ROOT}/Target Support Files/Pods-NestedJSONParsing_WithTableView_Cart/Pods-NestedJSONParsing_WithTableView_Cart-frameworks-${CONFIGURATION}-input-files.xcfilelist",
			);
			name = "[CP] Embed Pods Frameworks";
			outputFileListPaths = (
				"${PODS_ROOT}/Target Support Files/Pods-NestedJSONParsing_WithTableView_Cart/Pods-NestedJSONParsing_WithTableView_Cart-frameworks-${CONFIGURATION}-output-files.xcfilelist",
			);
			runOnlyForDeploymentPostprocessing = 0;
			shellPath = /bin/sh;
			shellScript = "\"${PODS_ROOT}/Target Support Files/Pods-NestedJSONParsing_WithTableView_Cart/Pods-NestedJSONParsing_WithTableView_Cart-frameworks.sh\"\n";
			showEnvVarsInLog = 0;
		};
		957AFCAF4474C08B980776EB /* [CP] Check Pods Manifest.lock */ = {
			isa = PBXShellScriptBuildPhase;
			buildActionMask = 2147483647;
			files = (
			);
			inputFileListPaths = (
			);
			inputPaths = (
				"${PODS_PODFILE_DIR_PATH}/Podfile.lock",
				"${PODS_ROOT}/Manifest.lock",
			);
			name = "[CP] Check Pods Manifest.lock";
			outputFileListPaths = (
			);
			outputPaths = (
				"$(DERIVED_FILE_DIR)/Pods-NestedJSONParsing_WithTableView_Cart-checkManifestLockResult.txt",
			);
			runOnlyForDeploymentPostprocessing = 0;
			shellPath = /bin/sh;
			shellScript = "diff \"${PODS_PODFILE_DIR_PATH}/Podfile.lock\" \"${PODS_ROOT}/Manifest.lock\" > /dev/null\nif [ $? != 0 ] ; then\n    # print error to STDERR\n    echo \"error: The sandbox is not in sync with the Podfile.lock. Run 'pod install' or update your CocoaPods installation.\" >&2\n    exit 1\nfi\n# This output is used by Xcode 'outputs' to avoid re-running this script phase.\necho \"SUCCESS\" > \"${SCRIPT_OUTPUT_FILE_0}\"\n";
			showEnvVarsInLog = 0;
		};
/* End PBXShellScriptBuildPhase section */

/* Begin PBXSourcesBuildPhase section */
		E2124D022DAE4AD800A221CA /* Sources */ = {
			isa = PBXSourcesBuildPhase;
			buildActionMask = 2147483647;
			files = (
				E2124D0E2DAE4AD800A221CA /* ViewController.swift in Sources */,
				E2124D222DAE4B4600A221CA /* Carts.swift in Sources */,
				E2124D0A2DAE4AD800A221CA /* AppDelegate.swift in Sources */,
				E2124D272DAE50FC00A221CA /* CartsTableViewCell.swift in Sources */,
				E2124D242DAE4B6600A221CA /* Products.swift in Sources */,
				E2124D0C2DAE4AD800A221CA /* SceneDelegate.swift in Sources */,
				E2124D202DAE4B2600A221CA /* APIResponse.swift in Sources */,
				E2AA2F222DAF833B00E61AB1 /* ProductCollectionViewCell.swift in Sources */,
				E2124D1E2DAE4AEB00A221CA /* Constants.swift in Sources */,
			);
			runOnlyForDeploymentPostprocessing = 0;
		};
/* End PBXSourcesBuildPhase section */

/* Begin PBXVariantGroup section */
		E2124D0F2DAE4AD800A221CA /* Main.storyboard */ = {
			isa = PBXVariantGroup;
			children = (
				E2124D102DAE4AD800A221CA /* Base */,
			);
			name = Main.storyboard;
			sourceTree = "<group>";
		};
		E2124D142DAE4ADA00A221CA /* LaunchScreen.storyboard */ = {
			isa = PBXVariantGroup;
			children = (
				E2124D152DAE4ADA00A221CA /* Base */,
			);
			name = LaunchScreen.storyboard;
			sourceTree = "<group>";
		};
/* End PBXVariantGroup section */

/* Begin XCBuildConfiguration section */
		E2124D182DAE4ADA00A221CA /* Debug */ = {
			isa = XCBuildConfiguration;
			buildSettings = {
				ALWAYS_SEARCH_USER_PATHS = NO;
				ASSETCATALOG_COMPILER_GENERATE_SWIFT_ASSET_SYMBOL_EXTENSIONS = YES;
				CLANG_ANALYZER_NONNULL = YES;
				CLANG_ANALYZER_NUMBER_OBJECT_CONVERSION = YES_AGGRESSIVE;
				CLANG_CXX_LANGUAGE_STANDARD = "gnu++20";
				CLANG_ENABLE_MODULES = YES;
				CLANG_ENABLE_OBJC_ARC = YES;
				CLANG_ENABLE_OBJC_WEAK = YES;
				CLANG_WARN_BLOCK_CAPTURE_AUTORELEASING = YES;
				CLANG_WARN_BOOL_CONVERSION = YES;
				CLANG_WARN_COMMA = YES;
				CLANG_WARN_CONSTANT_CONVERSION = YES;
				CLANG_WARN_DEPRECATED_OBJC_IMPLEMENTATIONS = YES;
				CLANG_WARN_DIRECT_OBJC_ISA_USAGE = YES_ERROR;
				CLANG_WARN_DOCUMENTATION_COMMENTS = YES;
				CLANG_WARN_EMPTY_BODY = YES;
				CLANG_WARN_ENUM_CONVERSION = YES;
				CLANG_WARN_INFINITE_RECURSION = YES;
				CLANG_WARN_INT_CONVERSION = YES;
				CLANG_WARN_NON_LITERAL_NULL_CONVERSION = YES;
				CLANG_WARN_OBJC_IMPLICIT_RETAIN_SELF = YES;
				CLANG_WARN_OBJC_LITERAL_CONVERSION = YES;
				CLANG_WARN_OBJC_ROOT_CLASS = YES_ERROR;
				CLANG_WARN_QUOTED_INCLUDE_IN_FRAMEWORK_HEADER = YES;
				CLANG_WARN_RANGE_LOOP_ANALYSIS = YES;
				CLANG_WARN_STRICT_PROTOTYPES = YES;
				CLANG_WARN_SUSPICIOUS_MOVE = YES;
				CLANG_WARN_UNGUARDED_AVAILABILITY = YES_AGGRESSIVE;
				CLANG_WARN_UNREACHABLE_CODE = YES;
				CLANG_WARN__DUPLICATE_METHOD_MATCH = YES;
				COPY_PHASE_STRIP = NO;
				DEBUG_INFORMATION_FORMAT = dwarf;
				ENABLE_STRICT_OBJC_MSGSEND = YES;
				ENABLE_TESTABILITY = YES;
				ENABLE_USER_SCRIPT_SANDBOXING = NO;
				GCC_C_LANGUAGE_STANDARD = gnu17;
				GCC_DYNAMIC_NO_PIC = NO;
				GCC_NO_COMMON_BLOCKS = YES;
				GCC_OPTIMIZATION_LEVEL = 0;
				GCC_PREPROCESSOR_DEFINITIONS = (
					"DEBUG=1",
					"$(inherited)",
				);
				GCC_WARN_64_TO_32_BIT_CONVERSION = YES;
				GCC_WARN_ABOUT_RETURN_TYPE = YES_ERROR;
				GCC_WARN_UNDECLARED_SELECTOR = YES;
				GCC_WARN_UNINITIALIZED_AUTOS = YES_AGGRESSIVE;
				GCC_WARN_UNUSED_FUNCTION = YES;
				GCC_WARN_UNUSED_VARIABLE = YES;
				IPHONEOS_DEPLOYMENT_TARGET = 17.2;
				LOCALIZATION_PREFERS_STRING_CATALOGS = YES;
				MTL_ENABLE_DEBUG_INFO = INCLUDE_SOURCE;
				MTL_FAST_MATH = YES;
				ONLY_ACTIVE_ARCH = YES;
				SDKROOT = iphoneos;
				SWIFT_ACTIVE_COMPILATION_CONDITIONS = "DEBUG $(inherited)";
				SWIFT_OPTIMIZATION_LEVEL = "-Onone";
			};
			name = Debug;
		};
		E2124D192DAE4ADA00A221CA /* Release */ = {
			isa = XCBuildConfiguration;
			buildSettings = {
				ALWAYS_SEARCH_USER_PATHS = NO;
				ASSETCATALOG_COMPILER_GENERATE_SWIFT_ASSET_SYMBOL_EXTENSIONS = YES;
				CLANG_ANALYZER_NONNULL = YES;
				CLANG_ANALYZER_NUMBER_OBJECT_CONVERSION = YES_AGGRESSIVE;
				CLANG_CXX_LANGUAGE_STANDARD = "gnu++20";
				CLANG_ENABLE_MODULES = YES;
				CLANG_ENABLE_OBJC_ARC = YES;
				CLANG_ENABLE_OBJC_WEAK = YES;
				CLANG_WARN_BLOCK_CAPTURE_AUTORELEASING = YES;
				CLANG_WARN_BOOL_CONVERSION = YES;
				CLANG_WARN_COMMA = YES;
				CLANG_WARN_CONSTANT_CONVERSION = YES;
				CLANG_WARN_DEPRECATED_OBJC_IMPLEMENTATIONS = YES;
				CLANG_WARN_DIRECT_OBJC_ISA_USAGE = YES_ERROR;
				CLANG_WARN_DOCUMENTATION_COMMENTS = YES;
				CLANG_WARN_EMPTY_BODY = YES;
				CLANG_WARN_ENUM_CONVERSION = YES;
				CLANG_WARN_INFINITE_RECURSION = YES;
				CLANG_WARN_INT_CONVERSION = YES;
				CLANG_WARN_NON_LITERAL_NULL_CONVERSION = YES;
				CLANG_WARN_OBJC_IMPLICIT_RETAIN_SELF = YES;
				CLANG_WARN_OBJC_LITERAL_CONVERSION = YES;
				CLANG_WARN_OBJC_ROOT_CLASS = YES_ERROR;
				CLANG_WARN_QUOTED_INCLUDE_IN_FRAMEWORK_HEADER = YES;
				CLANG_WARN_RANGE_LOOP_ANALYSIS = YES;
				CLANG_WARN_STRICT_PROTOTYPES = YES;
				CLANG_WARN_SUSPICIOUS_MOVE = YES;
				CLANG_WARN_UNGUARDED_AVAILABILITY = YES_AGGRESSIVE;
				CLANG_WARN_UNREACHABLE_CODE = YES;
				CLANG_WARN__DUPLICATE_METHOD_MATCH = YES;
				COPY_PHASE_STRIP = NO;
				DEBUG_INFORMATION_FORMAT = "dwarf-with-dsym";
				ENABLE_NS_ASSERTIONS = NO;
				ENABLE_STRICT_OBJC_MSGSEND = YES;
				ENABLE_USER_SCRIPT_SANDBOXING = NO;
				GCC_C_LANGUAGE_STANDARD = gnu17;
				GCC_NO_COMMON_BLOCKS = YES;
				GCC_WARN_64_TO_32_BIT_CONVERSION = YES;
				GCC_WARN_ABOUT_RETURN_TYPE = YES_ERROR;
				GCC_WARN_UNDECLARED_SELECTOR = YES;
				GCC_WARN_UNINITIALIZED_AUTOS = YES_AGGRESSIVE;
				GCC_WARN_UNUSED_FUNCTION = YES;
				GCC_WARN_UNUSED_VARIABLE = YES;
				IPHONEOS_DEPLOYMENT_TARGET = 17.2;
				LOCALIZATION_PREFERS_STRING_CATALOGS = YES;
				MTL_ENABLE_DEBUG_INFO = NO;
				MTL_FAST_MATH = YES;
				SDKROOT = iphoneos;
				SWIFT_COMPILATION_MODE = wholemodule;
				VALIDATE_PRODUCT = YES;
			};
			name = Release;
		};
		E2124D1B2DAE4ADA00A221CA /* Debug */ = {
			isa = XCBuildConfiguration;
			baseConfigurationReference = 1185CDA0250A89874E03DFF2 /* Pods-NestedJSONParsing_WithTableView_Cart.debug.xcconfig */;
			buildSettings = {
				ASSETCATALOG_COMPILER_APPICON_NAME = AppIcon;
				ASSETCATALOG_COMPILER_GLOBAL_ACCENT_COLOR_NAME = AccentColor;
				CODE_SIGN_STYLE = Automatic;
				CURRENT_PROJECT_VERSION = 1;
				GENERATE_INFOPLIST_FILE = YES;
				INFOPLIST_FILE = NestedJSONParsing_WithTableView_Cart/Info.plist;
				INFOPLIST_KEY_UIApplicationSupportsIndirectInputEvents = YES;
				INFOPLIST_KEY_UILaunchStoryboardName = LaunchScreen;
				INFOPLIST_KEY_UIMainStoryboardFile = Main;
				INFOPLIST_KEY_UISupportedInterfaceOrientations_iPad = "UIInterfaceOrientationPortrait UIInterfaceOrientationPortraitUpsideDown UIInterfaceOrientationLandscapeLeft UIInterfaceOrientationLandscapeRight";
				INFOPLIST_KEY_UISupportedInterfaceOrientations_iPhone = "UIInterfaceOrientationPortrait UIInterfaceOrientationLandscapeLeft UIInterfaceOrientationLandscapeRight";
				LD_RUNPATH_SEARCH_PATHS = (
					"$(inherited)",
					"@executable_path/Frameworks",
				);
				MARKETING_VERSION = 1.0;
				PRODUCT_BUNDLE_IDENTIFIER = "suhan-mulla.NestedJSONParsing-WithTableView-Cart";
				PRODUCT_NAME = "$(TARGET_NAME)";
				SWIFT_EMIT_LOC_STRINGS = YES;
				SWIFT_VERSION = 5.0;
				TARGETED_DEVICE_FAMILY = "1,2";
			};
			name = Debug;
		};
		E2124D1C2DAE4ADA00A221CA /* Release */ = {
			isa = XCBuildConfiguration;
			baseConfigurationReference = EBE78DBF5F96FE7A289D3DB8 /* Pods-NestedJSONParsing_WithTableView_Cart.release.xcconfig */;
			buildSettings = {
				ASSETCATALOG_COMPILER_APPICON_NAME = AppIcon;
				ASSETCATALOG_COMPILER_GLOBAL_ACCENT_COLOR_NAME = AccentColor;
				CODE_SIGN_STYLE = Automatic;
				CURRENT_PROJECT_VERSION = 1;
				GENERATE_INFOPLIST_FILE = YES;
				INFOPLIST_FILE = NestedJSONParsing_WithTableView_Cart/Info.plist;
				INFOPLIST_KEY_UIApplicationSupportsIndirectInputEvents = YES;
				INFOPLIST_KEY_UILaunchStoryboardName = LaunchScreen;
				INFOPLIST_KEY_UIMainStoryboardFile = Main;
				INFOPLIST_KEY_UISupportedInterfaceOrientations_iPad = "UIInterfaceOrientationPortrait UIInterfaceOrientationPortraitUpsideDown UIInterfaceOrientationLandscapeLeft UIInterfaceOrientationLandscapeRight";
				INFOPLIST_KEY_UISupportedInterfaceOrientations_iPhone = "UIInterfaceOrientationPortrait UIInterfaceOrientationLandscapeLeft UIInterfaceOrientationLandscapeRight";
				LD_RUNPATH_SEARCH_PATHS = (
					"$(inherited)",
					"@executable_path/Frameworks",
				);
				MARKETING_VERSION = 1.0;
				PRODUCT_BUNDLE_IDENTIFIER = "suhan-mulla.NestedJSONParsing-WithTableView-Cart";
				PRODUCT_NAME = "$(TARGET_NAME)";
				SWIFT_EMIT_LOC_STRINGS = YES;
				SWIFT_VERSION = 5.0;
				TARGETED_DEVICE_FAMILY = "1,2";
			};
			name = Release;
		};
/* End XCBuildConfiguration section */

/* Begin XCConfigurationList section */
		E2124D012DAE4AD800A221CA /* Build configuration list for PBXProject "NestedJSONParsing_WithTableView_Cart" */ = {
			isa = XCConfigurationList;
			buildConfigurations = (
				E2124D182DAE4ADA00A221CA /* Debug */,
				E2124D192DAE4ADA00A221CA /* Release */,
			);
			defaultConfigurationIsVisible = 0;
			defaultConfigurationName = Release;
		};
		E2124D1A2DAE4ADA00A221CA /* Build configuration list for PBXNativeTarget "NestedJSONParsing_WithTableView_Cart" */ = {
			isa = XCConfigurationList;
			buildConfigurations = (
				E2124D1B2DAE4ADA00A221CA /* Debug */,
				E2124D1C2DAE4ADA00A221CA /* Release */,
			);
			defaultConfigurationIsVisible = 0;
			defaultConfigurationName = Release;
		};
/* End XCConfigurationList section */
	};
	rootObject = E2124CFE2DAE4AD800A221CA /* Project object */;
}
